Microsoft Visual Studio Solution File, Format Version 10.00
# Visual Studio 2008
Project("{FAE04EC0-301F-11D3-BF4B-00C04F79EFBC}") = "ComboBoxEdit_CreatingImageComboBox", "ComboBoxEdit_CreatingImageComboBox\ComboBoxEdit_CreatingImageComboBox.csproj", "{07781DA4-E518-4BED-A337-AE55629B7A47}"
EndProject
Global
	GlobalSection(SolutionConfigurationPlatforms) = preSolution
		Debug|Any CPU = Debug|Any CPU
		Release|Any CPU = Release|Any CPU
	EndGlobalSection
	GlobalSection(ProjectConfigurationPlatforms) = postSolution
		{07781DA4-E518-4BED-A337-AE55629B7A47}.Debug|Any CPU.ActiveCfg = Debug|Any CPU
		{07781DA4-E518-4BED-A337-AE55629B7A47}.Debug|Any CPU.Build.0 = Debug|Any CPU
		{07781DA4-E518-4BED-A337-AE55629B7A47}.Release|Any CPU.ActiveCfg = Release|Any CPU
		{07781DA4-E518-4BED-A337-AE55629B7A47}.Release|Any CPU.Build.0 = Release|Any CPU
	EndGlobalSection
	GlobalSection(SolutionProperties) = preSolution
		HideSolutionNode = FALSE
	EndGlobalSection
EndGlobal
